# This file is automatically @generated by Cargo.
# It is not intended for manual editing.
version = 4

[[package]]
name = "xiangqi-core"
version = "0.1.0"

[[package]]
name = "xiangqi-ffi"
version = "0.1.0"
dependencies = [
 "xiangqi-core",
 "xiangqi-io",
]

[[package]]
name = "xiangqi-io"
version = "0.1.0"
dependencies = [
 "xiangqi-core",
]
